{
  "version": 4,
  "terraform_version": "0.12.21",
  "serial": 4,
  "lineage": "6776ca5e-09ce-0f73-df77-e1657d6feca3",
  "outputs": {},
  "resources": [
    {
      "mode": "data",
      "type": "alicloud_oss_buckets",
      "name": "oss_buckets_ds",
      "provider": "provider.alicloud",
      "instances": [
        {
          "schema_version": 0,
          "attributes": {
            "buckets": [],
            "id": "0",
            "name_regex": null,
            "names": [],
            "output_file": "./output_files/oss_buckets_ds.json"
          }
        }
      ]
    },
    {
      "mode": "managed",
      "type": "alicloud_oss_bucket",
      "name": "ipp_exams",
      "provider": "provider.alicloud",
      "instances": [
        {
          "schema_version": 0,
          "attributes": {
            "acl": "private",
            "bucket": "mk-ipp-exams-staging",
            "cors_rule": [],
            "creation_date": "10036-03-03",
            "extranet_endpoint": "oss-cn-hongkong.aliyuncs.com",
            "force_destroy": false,
            "id": "mk-ipp-exams-staging",
            "intranet_endpoint": "oss-cn-hongkong-internal.aliyuncs.com",
            "lifecycle_rule": [],
            "location": "oss-cn-hongkong",
            "logging": [],
            "logging_isenable": null,
            "owner": "5550383154524483",
            "policy": "",
            "referer_config": [],
            "server_side_encryption_rule": [],
            "storage_class": "Standard",
            "tags": null,
            "versioning": [],
            "website": []
          },
          "private": "bnVsbA=="
        }
      ]
    },
    {
      "mode": "managed",
      "type": "alicloud_oss_bucket",
      "name": "optize_data_terraform_state_staging",
      "provider": "provider.alicloud",
      "instances": [
        {
          "schema_version": 0,
          "attributes": {
            "acl": "private",
            "bucket": "mk-data-terraform-state-staging",
            "cors_rule": [],
            "creation_date": "10036-03-03",
            "extranet_endpoint": "oss-cn-hongkong.aliyuncs.com",
            "force_destroy": false,
            "id": "mk-data-terraform-state-staging",
            "intranet_endpoint": "oss-cn-hongkong-internal.aliyuncs.com",
            "lifecycle_rule": [],
            "location": "oss-cn-hongkong",
            "logging": [],
            "logging_isenable": null,
            "owner": "5550383154524483",
            "policy": "",
            "referer_config": [],
            "server_side_encryption_rule": [
              {
                "sse_algorithm": "AES256"
              }
            ],
            "storage_class": "Standard",
            "tags": null,
            "versioning": [],
            "website": []
          },
          "private": "bnVsbA=="
        }
      ]
    }
  ]
}
